
Microsoft Visual Studio Solution File, Format Version 12.00
# Visual Studio Version 16
VisualStudioVersion = 16.0.31624.102
MinimumVisualStudioVersion = 10.0.40219.1
Project("{FAE04EC0-301F-11D3-BF4B-00C04F79EFBC}") = "Projekt_Minihry", "Projekt_Minihry\Projekt_Minihry.csproj", "{21DD3758-F5F1-4B5B-87FE-EA6F62D90AFA}"
EndProject
Global
	GlobalSection(SolutionConfigurationPlatforms) = preSolution
		Debug|Any CPU = Debug|Any CPU
		Release|Any CPU = Release|Any CPU
	EndGlobalSection
	GlobalSection(ProjectConfigurationPlatforms) = postSolution
		{21DD3758-F5F1-4B5B-87FE-EA6F62D90AFA}.Debug|Any CPU.ActiveCfg = Debug|Any CPU
		{21DD3758-F5F1-4B5B-87FE-EA6F62D90AFA}.Debug|Any CPU.Build.0 = Debug|Any CPU
		{21DD3758-F5F1-4B5B-87FE-EA6F62D90AFA}.Release|Any CPU.ActiveCfg = Release|Any CPU
		{21DD3758-F5F1-4B5B-87FE-EA6F62D90AFA}.Release|Any CPU.Build.0 = Release|Any CPU
	EndGlobalSection
	GlobalSection(SolutionProperties) = preSolution
		HideSolutionNode = FALSE
	EndGlobalSection
	GlobalSection(ExtensibilityGlobals) = postSolution
		SolutionGuid = {E6A19692-4AB6-4FBE-A4C1-9C6D69AD40F3}
	EndGlobalSection
EndGlobal
